
Microsoft Visual Studio Solution File, Format Version 12.00
# Visual Studio 15
VisualStudioVersion = 15.0.28307.902
MinimumVisualStudioVersion = 10.0.40219.1
Project("{9A19103F-16F7-4668-BE54-9A1E7A4F7556}") = "RoomAid.Authorization", "RoomAid.AuthZAttribute\RoomAid.Authorization.csproj", "{9A9AA93E-372A-47F0-8EF5-0794D5D6EDA2}"
EndProject
Project("{FAE04EC0-301F-11D3-BF4B-00C04F79EFBC}") = "RoomAid.AuthorizationTests", "RoomAid.AuthorizationTests\RoomAid.AuthorizationTests.csproj", "{73D63CD5-6AB4-4C18-927C-CD33B9C8D07C}"
EndProject
Global
	GlobalSection(SolutionConfigurationPlatforms) = preSolution
		Debug|Any CPU = Debug|Any CPU
		Release|Any CPU = Release|Any CPU
	EndGlobalSection
	GlobalSection(ProjectConfigurationPlatforms) = postSolution
		{9A9AA93E-372A-47F0-8EF5-0794D5D6EDA2}.Debug|Any CPU.ActiveCfg = Debug|Any CPU
		{9A9AA93E-372A-47F0-8EF5-0794D5D6EDA2}.Debug|Any CPU.Build.0 = Debug|Any CPU
		{9A9AA93E-372A-47F0-8EF5-0794D5D6EDA2}.Release|Any CPU.ActiveCfg = Release|Any CPU
		{9A9AA93E-372A-47F0-8EF5-0794D5D6EDA2}.Release|Any CPU.Build.0 = Release|Any CPU
		{73D63CD5-6AB4-4C18-927C-CD33B9C8D07C}.Debug|Any CPU.ActiveCfg = Debug|Any CPU
		{73D63CD5-6AB4-4C18-927C-CD33B9C8D07C}.Debug|Any CPU.Build.0 = Debug|Any CPU
		{73D63CD5-6AB4-4C18-927C-CD33B9C8D07C}.Release|Any CPU.ActiveCfg = Release|Any CPU
		{73D63CD5-6AB4-4C18-927C-CD33B9C8D07C}.Release|Any CPU.Build.0 = Release|Any CPU
	EndGlobalSection
	GlobalSection(SolutionProperties) = preSolution
		HideSolutionNode = FALSE
	EndGlobalSection
	GlobalSection(ExtensibilityGlobals) = postSolution
		SolutionGuid = {B938EBEF-44BD-4D7A-A0D0-6FAA7BDB8FFA}
	EndGlobalSection
EndGlobal
