
Microsoft Visual Studio Solution File, Format Version 12.00
# Visual Studio Version 16
VisualStudioVersion = 16.0.29326.143
MinimumVisualStudioVersion = 10.0.40219.1
Project("{FAE04EC0-301F-11D3-BF4B-00C04F79EFBC}") = "RoomAid.Archive.Test", "UnitTest\RoomAid.Archive.Test.csproj", "{A4F087C3-4D06-42BE-ABF3-273A1CD7519C}"
EndProject
Project("{FAE04EC0-301F-11D3-BF4B-00C04F79EFBC}") = "RoomAid.ManagerLayer", "RoomAid.ManagerLayer.Archive\RoomAid.ManagerLayer.csproj", "{F1820B6F-CEE2-4D0D-ABFA-B06F4DC9069C}"
EndProject
Project("{FAE04EC0-301F-11D3-BF4B-00C04F79EFBC}") = "RoomAid.ServiceLayer", "RoomAid.ServiceLayer.Archive\RoomAid.ServiceLayer.csproj", "{4DD30E8C-96F9-41FE-A68A-303B79305488}"
EndProject
Global
	GlobalSection(SolutionConfigurationPlatforms) = preSolution
		Debug|Any CPU = Debug|Any CPU
		Release|Any CPU = Release|Any CPU
	EndGlobalSection
	GlobalSection(ProjectConfigurationPlatforms) = postSolution
		{A4F087C3-4D06-42BE-ABF3-273A1CD7519C}.Debug|Any CPU.ActiveCfg = Debug|Any CPU
		{A4F087C3-4D06-42BE-ABF3-273A1CD7519C}.Debug|Any CPU.Build.0 = Debug|Any CPU
		{A4F087C3-4D06-42BE-ABF3-273A1CD7519C}.Release|Any CPU.ActiveCfg = Release|Any CPU
		{A4F087C3-4D06-42BE-ABF3-273A1CD7519C}.Release|Any CPU.Build.0 = Release|Any CPU
		{F1820B6F-CEE2-4D0D-ABFA-B06F4DC9069C}.Debug|Any CPU.ActiveCfg = Debug|Any CPU
		{F1820B6F-CEE2-4D0D-ABFA-B06F4DC9069C}.Debug|Any CPU.Build.0 = Debug|Any CPU
		{F1820B6F-CEE2-4D0D-ABFA-B06F4DC9069C}.Release|Any CPU.ActiveCfg = Release|Any CPU
		{F1820B6F-CEE2-4D0D-ABFA-B06F4DC9069C}.Release|Any CPU.Build.0 = Release|Any CPU
		{4DD30E8C-96F9-41FE-A68A-303B79305488}.Debug|Any CPU.ActiveCfg = Debug|Any CPU
		{4DD30E8C-96F9-41FE-A68A-303B79305488}.Debug|Any CPU.Build.0 = Debug|Any CPU
		{4DD30E8C-96F9-41FE-A68A-303B79305488}.Release|Any CPU.ActiveCfg = Release|Any CPU
		{4DD30E8C-96F9-41FE-A68A-303B79305488}.Release|Any CPU.Build.0 = Release|Any CPU
	EndGlobalSection
	GlobalSection(SolutionProperties) = preSolution
		HideSolutionNode = FALSE
	EndGlobalSection
	GlobalSection(ExtensibilityGlobals) = postSolution
		SolutionGuid = {800CC879-350D-43AA-BDB4-FA8E15F06F25}
	EndGlobalSection
EndGlobal
