
Microsoft Visual Studio Solution File, Format Version 12.00
# Visual Studio Version 16
VisualStudioVersion = 16.0.29503.13
MinimumVisualStudioVersion = 10.0.40219.1
Project("{FAE04EC0-301F-11D3-BF4B-00C04F79EFBC}") = "RoomAid.ErrorHandling", "Error Handling\RoomAid.ErrorHandling.csproj", "{E2B51ABB-D068-47D8-A03A-8AF61A40EFC7}"
EndProject
Project("{9A19103F-16F7-4668-BE54-9A1E7A4F7556}") = "ErrorThreatTest", "ErrorThreatTest\ErrorThreatTest.csproj", "{B8D28D6A-18E1-4321-B80A-6B62B812C24C}"
EndProject
Project("{9A19103F-16F7-4668-BE54-9A1E7A4F7556}") = "ErrorResponseTest", "Error Response Test\ErrorResponseTest.csproj", "{C557B561-37D6-4AA4-8C55-EA1F26193E2E}"
EndProject
Project("{FAE04EC0-301F-11D3-BF4B-00C04F79EFBC}") = "RoomAid.ServiceLayer.Emailing", "Emailing\RoomAid.ServiceLayer.Emailing.csproj", "{4F74C44B-4392-416A-BD1F-CD55034A9D97}"
EndProject
Project("{FAE04EC0-301F-11D3-BF4B-00C04F79EFBC}") = "EmailingTest", "EmailingTest\EmailingTest.csproj", "{6988B81C-BCBA-4480-A9CB-70928D73E12F}"
EndProject
Global
	GlobalSection(SolutionConfigurationPlatforms) = preSolution
		Debug|Any CPU = Debug|Any CPU
		Release|Any CPU = Release|Any CPU
	EndGlobalSection
	GlobalSection(ProjectConfigurationPlatforms) = postSolution
		{E2B51ABB-D068-47D8-A03A-8AF61A40EFC7}.Debug|Any CPU.ActiveCfg = Debug|Any CPU
		{E2B51ABB-D068-47D8-A03A-8AF61A40EFC7}.Debug|Any CPU.Build.0 = Debug|Any CPU
		{E2B51ABB-D068-47D8-A03A-8AF61A40EFC7}.Release|Any CPU.ActiveCfg = Release|Any CPU
		{E2B51ABB-D068-47D8-A03A-8AF61A40EFC7}.Release|Any CPU.Build.0 = Release|Any CPU
		{B8D28D6A-18E1-4321-B80A-6B62B812C24C}.Debug|Any CPU.ActiveCfg = Debug|Any CPU
		{B8D28D6A-18E1-4321-B80A-6B62B812C24C}.Debug|Any CPU.Build.0 = Debug|Any CPU
		{B8D28D6A-18E1-4321-B80A-6B62B812C24C}.Release|Any CPU.ActiveCfg = Release|Any CPU
		{B8D28D6A-18E1-4321-B80A-6B62B812C24C}.Release|Any CPU.Build.0 = Release|Any CPU
		{C557B561-37D6-4AA4-8C55-EA1F26193E2E}.Debug|Any CPU.ActiveCfg = Debug|Any CPU
		{C557B561-37D6-4AA4-8C55-EA1F26193E2E}.Debug|Any CPU.Build.0 = Debug|Any CPU
		{C557B561-37D6-4AA4-8C55-EA1F26193E2E}.Release|Any CPU.ActiveCfg = Release|Any CPU
		{C557B561-37D6-4AA4-8C55-EA1F26193E2E}.Release|Any CPU.Build.0 = Release|Any CPU
		{4F74C44B-4392-416A-BD1F-CD55034A9D97}.Debug|Any CPU.ActiveCfg = Debug|Any CPU
		{4F74C44B-4392-416A-BD1F-CD55034A9D97}.Debug|Any CPU.Build.0 = Debug|Any CPU
		{4F74C44B-4392-416A-BD1F-CD55034A9D97}.Release|Any CPU.ActiveCfg = Release|Any CPU
		{4F74C44B-4392-416A-BD1F-CD55034A9D97}.Release|Any CPU.Build.0 = Release|Any CPU
		{6988B81C-BCBA-4480-A9CB-70928D73E12F}.Debug|Any CPU.ActiveCfg = Debug|Any CPU
		{6988B81C-BCBA-4480-A9CB-70928D73E12F}.Debug|Any CPU.Build.0 = Debug|Any CPU
		{6988B81C-BCBA-4480-A9CB-70928D73E12F}.Release|Any CPU.ActiveCfg = Release|Any CPU
		{6988B81C-BCBA-4480-A9CB-70928D73E12F}.Release|Any CPU.Build.0 = Release|Any CPU
	EndGlobalSection
	GlobalSection(SolutionProperties) = preSolution
		HideSolutionNode = FALSE
	EndGlobalSection
	GlobalSection(ExtensibilityGlobals) = postSolution
		SolutionGuid = {91AA9124-9364-4DBA-9EC8-F3F15E6BB953}
	EndGlobalSection
EndGlobal
