
Microsoft Visual Studio Solution File, Format Version 12.00
# Visual Studio Version 16
VisualStudioVersion = 16.0.29418.71
MinimumVisualStudioVersion = 10.0.40219.1
Project("{FAE04EC0-301F-11D3-BF4B-00C04F79EFBC}") = "RoomAid.Logging.Tests", "RoomAid.ServiceLayer.Logging.Tests\RoomAid.Logging.Tests.csproj", "{79E444B3-AB82-43A4-8315-5C434B5ABE39}"
EndProject
Project("{9A19103F-16F7-4668-BE54-9A1E7A4F7556}") = "RoomAid.Authorization", "AuthZ\RoomAid.Authorization\RoomAid.AuthZAttribute\RoomAid.Authorization.csproj", "{7CDD5E1B-7C6F-4238-B0F9-F8364782F86C}"
EndProject
Project("{9A19103F-16F7-4668-BE54-9A1E7A4F7556}") = "RoomAid.AuthorizationTests", "AuthZ\RoomAid.Authorization\RoomAid.AuthorizationTests\RoomAid.AuthorizationTests.csproj", "{B7164036-EC23-445C-B9F9-DDDD25B54F0C}"
EndProject
Project("{FAE04EC0-301F-11D3-BF4B-00C04F79EFBC}") = "RoomAid.Archive.Test", "RoomAid.Archiving.Tests\RoomAid.Archive.Test.csproj", "{A4F087C3-4D06-42BE-ABF3-273A1CD7519C}"
EndProject
Project("{FAE04EC0-301F-11D3-BF4B-00C04F79EFBC}") = "RoomAid.ServiceLayer.Archiving", "RoomAid.ServiceLayer.Archiving\RoomAid.ServiceLayer.Archiving.csproj", "{4DD30E8C-96F9-41FE-A68A-303B79305488}"
EndProject
Project("{FAE04EC0-301F-11D3-BF4B-00C04F79EFBC}") = "RoomAid.ManagerLayer.Archiving", "RoomAid.ManagerLayer.Archiving\RoomAid.ManagerLayer.Archiving.csproj", "{F1820B6F-CEE2-4D0D-ABFA-B06F4DC9069C}"
EndProject
Project("{FAE04EC0-301F-11D3-BF4B-00C04F79EFBC}") = "RoomAid.ServiceLayer.Logging", "RoomAid.ServiceLayer.Logging\RoomAid.ServiceLayer.Logging.csproj", "{29A3335E-7538-4CDE-90DC-ACE201F259F6}"
EndProject
Project("{FAE04EC0-301F-11D3-BF4B-00C04F79EFBC}") = "RoomAid.Emailing", "RoomAid.Emailing\RoomAid.Emailing.csproj", "{2B26CEA6-D410-4DEA-91CA-7F1860EB070A}"
EndProject
Project("{9A19103F-16F7-4668-BE54-9A1E7A4F7556}") = "RoomAid.Emailing.Tests", "RoomAid.Emailing.Tests\RoomAid.Emailing.Tests.csproj", "{F8460856-CF2F-4EC7-87CD-28062BCEBE9C}"
EndProject
Project("{FAE04EC0-301F-11D3-BF4B-00C04F79EFBC}") = "RoomAid.ErrorHandling", "RoomAid.ErrorHandling\RoomAid.ErrorHandling.csproj", "{06B7D27F-94A2-438E-9142-073EE9675B6C}"
EndProject
Project("{FAE04EC0-301F-11D3-BF4B-00C04F79EFBC}") = "RoomAid.ErrorHandle.Tests", "RoomAid.ErrorHandle.Tests\RoomAid.ErrorHandle.Tests.csproj", "{E5414F13-EE2C-42A5-9C75-1868ABEC4921}"
EndProject
Project("{FAE04EC0-301F-11D3-BF4B-00C04F79EFBC}") = "RoomAid.Authentication", "RoomAid.Authentication\RoomAid.Authentication.csproj", "{BFEC3A09-462F-49A7-8351-73F8BEE32B27}"
EndProject
Project("{FAE04EC0-301F-11D3-BF4B-00C04F79EFBC}") = "RoomAid.Authentication.Tests", "RoomAid.Authentication.Tests\RoomAid.Authentication.Tests.csproj", "{1E82DD5F-B683-48DE-B159-1D03AF88114D}"
EndProject
Global
	GlobalSection(SolutionConfigurationPlatforms) = preSolution
		Debug|Any CPU = Debug|Any CPU
		Release|Any CPU = Release|Any CPU
	EndGlobalSection
	GlobalSection(ProjectConfigurationPlatforms) = postSolution
		{79E444B3-AB82-43A4-8315-5C434B5ABE39}.Debug|Any CPU.ActiveCfg = Debug|Any CPU
		{79E444B3-AB82-43A4-8315-5C434B5ABE39}.Debug|Any CPU.Build.0 = Debug|Any CPU
		{79E444B3-AB82-43A4-8315-5C434B5ABE39}.Release|Any CPU.ActiveCfg = Release|Any CPU
		{79E444B3-AB82-43A4-8315-5C434B5ABE39}.Release|Any CPU.Build.0 = Release|Any CPU
		{7CDD5E1B-7C6F-4238-B0F9-F8364782F86C}.Debug|Any CPU.ActiveCfg = Debug|Any CPU
		{7CDD5E1B-7C6F-4238-B0F9-F8364782F86C}.Debug|Any CPU.Build.0 = Debug|Any CPU
		{7CDD5E1B-7C6F-4238-B0F9-F8364782F86C}.Release|Any CPU.ActiveCfg = Release|Any CPU
		{7CDD5E1B-7C6F-4238-B0F9-F8364782F86C}.Release|Any CPU.Build.0 = Release|Any CPU
		{B7164036-EC23-445C-B9F9-DDDD25B54F0C}.Debug|Any CPU.ActiveCfg = Debug|Any CPU
		{B7164036-EC23-445C-B9F9-DDDD25B54F0C}.Debug|Any CPU.Build.0 = Debug|Any CPU
		{B7164036-EC23-445C-B9F9-DDDD25B54F0C}.Release|Any CPU.ActiveCfg = Release|Any CPU
		{B7164036-EC23-445C-B9F9-DDDD25B54F0C}.Release|Any CPU.Build.0 = Release|Any CPU
		{A4F087C3-4D06-42BE-ABF3-273A1CD7519C}.Debug|Any CPU.ActiveCfg = Debug|Any CPU
		{A4F087C3-4D06-42BE-ABF3-273A1CD7519C}.Debug|Any CPU.Build.0 = Debug|Any CPU
		{A4F087C3-4D06-42BE-ABF3-273A1CD7519C}.Release|Any CPU.ActiveCfg = Release|Any CPU
		{A4F087C3-4D06-42BE-ABF3-273A1CD7519C}.Release|Any CPU.Build.0 = Release|Any CPU
		{4DD30E8C-96F9-41FE-A68A-303B79305488}.Debug|Any CPU.ActiveCfg = Debug|Any CPU
		{4DD30E8C-96F9-41FE-A68A-303B79305488}.Debug|Any CPU.Build.0 = Debug|Any CPU
		{4DD30E8C-96F9-41FE-A68A-303B79305488}.Release|Any CPU.ActiveCfg = Release|Any CPU
		{4DD30E8C-96F9-41FE-A68A-303B79305488}.Release|Any CPU.Build.0 = Release|Any CPU
		{F1820B6F-CEE2-4D0D-ABFA-B06F4DC9069C}.Debug|Any CPU.ActiveCfg = Debug|Any CPU
		{F1820B6F-CEE2-4D0D-ABFA-B06F4DC9069C}.Debug|Any CPU.Build.0 = Debug|Any CPU
		{F1820B6F-CEE2-4D0D-ABFA-B06F4DC9069C}.Release|Any CPU.ActiveCfg = Release|Any CPU
		{F1820B6F-CEE2-4D0D-ABFA-B06F4DC9069C}.Release|Any CPU.Build.0 = Release|Any CPU
		{29A3335E-7538-4CDE-90DC-ACE201F259F6}.Debug|Any CPU.ActiveCfg = Debug|Any CPU
		{29A3335E-7538-4CDE-90DC-ACE201F259F6}.Debug|Any CPU.Build.0 = Debug|Any CPU
		{29A3335E-7538-4CDE-90DC-ACE201F259F6}.Release|Any CPU.ActiveCfg = Release|Any CPU
		{29A3335E-7538-4CDE-90DC-ACE201F259F6}.Release|Any CPU.Build.0 = Release|Any CPU
		{2B26CEA6-D410-4DEA-91CA-7F1860EB070A}.Debug|Any CPU.ActiveCfg = Debug|Any CPU
		{2B26CEA6-D410-4DEA-91CA-7F1860EB070A}.Debug|Any CPU.Build.0 = Debug|Any CPU
		{2B26CEA6-D410-4DEA-91CA-7F1860EB070A}.Release|Any CPU.ActiveCfg = Release|Any CPU
		{2B26CEA6-D410-4DEA-91CA-7F1860EB070A}.Release|Any CPU.Build.0 = Release|Any CPU
		{F8460856-CF2F-4EC7-87CD-28062BCEBE9C}.Debug|Any CPU.ActiveCfg = Debug|Any CPU
		{F8460856-CF2F-4EC7-87CD-28062BCEBE9C}.Debug|Any CPU.Build.0 = Debug|Any CPU
		{F8460856-CF2F-4EC7-87CD-28062BCEBE9C}.Release|Any CPU.ActiveCfg = Release|Any CPU
		{F8460856-CF2F-4EC7-87CD-28062BCEBE9C}.Release|Any CPU.Build.0 = Release|Any CPU
		{06B7D27F-94A2-438E-9142-073EE9675B6C}.Debug|Any CPU.ActiveCfg = Debug|Any CPU
		{06B7D27F-94A2-438E-9142-073EE9675B6C}.Debug|Any CPU.Build.0 = Debug|Any CPU
		{06B7D27F-94A2-438E-9142-073EE9675B6C}.Release|Any CPU.ActiveCfg = Release|Any CPU
		{06B7D27F-94A2-438E-9142-073EE9675B6C}.Release|Any CPU.Build.0 = Release|Any CPU
		{E5414F13-EE2C-42A5-9C75-1868ABEC4921}.Debug|Any CPU.ActiveCfg = Debug|Any CPU
		{E5414F13-EE2C-42A5-9C75-1868ABEC4921}.Debug|Any CPU.Build.0 = Debug|Any CPU
		{E5414F13-EE2C-42A5-9C75-1868ABEC4921}.Release|Any CPU.ActiveCfg = Release|Any CPU
		{E5414F13-EE2C-42A5-9C75-1868ABEC4921}.Release|Any CPU.Build.0 = Release|Any CPU
		{BFEC3A09-462F-49A7-8351-73F8BEE32B27}.Debug|Any CPU.ActiveCfg = Debug|Any CPU
		{BFEC3A09-462F-49A7-8351-73F8BEE32B27}.Debug|Any CPU.Build.0 = Debug|Any CPU
		{BFEC3A09-462F-49A7-8351-73F8BEE32B27}.Release|Any CPU.ActiveCfg = Release|Any CPU
		{BFEC3A09-462F-49A7-8351-73F8BEE32B27}.Release|Any CPU.Build.0 = Release|Any CPU
		{1E82DD5F-B683-48DE-B159-1D03AF88114D}.Debug|Any CPU.ActiveCfg = Debug|Any CPU
		{1E82DD5F-B683-48DE-B159-1D03AF88114D}.Debug|Any CPU.Build.0 = Debug|Any CPU
		{1E82DD5F-B683-48DE-B159-1D03AF88114D}.Release|Any CPU.ActiveCfg = Release|Any CPU
		{1E82DD5F-B683-48DE-B159-1D03AF88114D}.Release|Any CPU.Build.0 = Release|Any CPU
	EndGlobalSection
	GlobalSection(SolutionProperties) = preSolution
		HideSolutionNode = FALSE
	EndGlobalSection
	GlobalSection(ExtensibilityGlobals) = postSolution
		SolutionGuid = {ABE5E93E-E034-4144-AF7C-47E98DBC5407}
	EndGlobalSection
EndGlobal
