
Microsoft Visual Studio Solution File, Format Version 12.00
# Visual Studio Version 16
VisualStudioVersion = 16.0.29411.108
MinimumVisualStudioVersion = 10.0.40219.1
Project("{9A19103F-16F7-4668-BE54-9A1E7A4F7556}") = "Roomaid.Authentication", "Authentication\Roomaid.Authentication.csproj", "{5C284BF3-92C1-4C3A-843F-370B2991E039}"
EndProject
Project("{9A19103F-16F7-4668-BE54-9A1E7A4F7556}") = "UnitTestAuthentication", "UnitTestAuthentication\UnitTestAuthentication.csproj", "{894ADEF7-4AA3-4B6C-B6E9-61558A740B50}"
EndProject
Global
	GlobalSection(SolutionConfigurationPlatforms) = preSolution
		Debug|Any CPU = Debug|Any CPU
		Release|Any CPU = Release|Any CPU
	EndGlobalSection
	GlobalSection(ProjectConfigurationPlatforms) = postSolution
		{5C284BF3-92C1-4C3A-843F-370B2991E039}.Debug|Any CPU.ActiveCfg = Debug|Any CPU
		{5C284BF3-92C1-4C3A-843F-370B2991E039}.Debug|Any CPU.Build.0 = Debug|Any CPU
		{5C284BF3-92C1-4C3A-843F-370B2991E039}.Release|Any CPU.ActiveCfg = Release|Any CPU
		{5C284BF3-92C1-4C3A-843F-370B2991E039}.Release|Any CPU.Build.0 = Release|Any CPU
		{894ADEF7-4AA3-4B6C-B6E9-61558A740B50}.Debug|Any CPU.ActiveCfg = Debug|Any CPU
		{894ADEF7-4AA3-4B6C-B6E9-61558A740B50}.Debug|Any CPU.Build.0 = Debug|Any CPU
		{894ADEF7-4AA3-4B6C-B6E9-61558A740B50}.Release|Any CPU.ActiveCfg = Release|Any CPU
		{894ADEF7-4AA3-4B6C-B6E9-61558A740B50}.Release|Any CPU.Build.0 = Release|Any CPU
	EndGlobalSection
	GlobalSection(SolutionProperties) = preSolution
		HideSolutionNode = FALSE
	EndGlobalSection
	GlobalSection(ExtensibilityGlobals) = postSolution
		SolutionGuid = {B46F4C1C-B1BD-4E5A-903E-BB9FA56CA7F0}
	EndGlobalSection
EndGlobal
